// !$*UTF8*$!
{
	archiveVersion = 1;
	classes = {
	};
	objectVersion = 56;
	objects = {

/* Begin PBXBuildFile section */
		1E76F5C72CEC185500A7EB6E /* AppDelegate.swift in Sources */ = {isa = PBXBuildFile; fileRef = 1E76F5C62CEC185500A7EB6E /* AppDelegate.swift */; };
		1E76F5C92CEC185500A7EB6E /* SceneDelegate.swift in Sources */ = {isa = PBXBuildFile; fileRef = 1E76F5C82CEC185500A7EB6E /* SceneDelegate.swift */; };
		1E76F5CB2CEC185500A7EB6E /* CompetitionsVC.swift in Sources */ = {isa = PBXBuildFile; fileRef = 1E76F5CA2CEC185500A7EB6E /* CompetitionsVC.swift */; };
		1E76F5CE2CEC185500A7EB6E /* Main.storyboard in Resources */ = {isa = PBXBuildFile; fileRef = 1E76F5CC2CEC185500A7EB6E /* Main.storyboard */; };
		1E76F5D12CEC185500A7EB6E /* SoccerLover.xcdatamodeld in Sources */ = {isa = PBXBuildFile; fileRef = 1E76F5CF2CEC185500A7EB6E /* SoccerLover.xcdatamodeld */; };
		1E76F5D32CEC185B00A7EB6E /* Assets.xcassets in Resources */ = {isa = PBXBuildFile; fileRef = 1E76F5D22CEC185B00A7EB6E /* Assets.xcassets */; };
		1E76F5D62CEC185B00A7EB6E /* LaunchScreen.storyboard in Resources */ = {isa = PBXBuildFile; fileRef = 1E76F5D42CEC185B00A7EB6E /* LaunchScreen.storyboard */; };
		1E76F5DF2CEC189200A7EB6E /* CompetitionsModel.swift in Sources */ = {isa = PBXBuildFile; fileRef = 1E76F5DE2CEC189200A7EB6E /* CompetitionsModel.swift */; };
		1E76F5E12CEC1ABF00A7EB6E /* CompetitionsDetails.swift in Sources */ = {isa = PBXBuildFile; fileRef = 1E76F5E02CEC1ABF00A7EB6E /* CompetitionsDetails.swift */; };
		1E76F5E32CEC1D0600A7EB6E /* MatchDetailsResponse.swift in Sources */ = {isa = PBXBuildFile; fileRef = 1E76F5E22CEC1D0600A7EB6E /* MatchDetailsResponse.swift */; };
		1E76F5E72CEC9BC600A7EB6E /* RemoteService.swift in Sources */ = {isa = PBXBuildFile; fileRef = 1E76F5E62CEC9BC600A7EB6E /* RemoteService.swift */; };
		1E76F5EA2CECA28300A7EB6E /* FootballAPI.swift in Sources */ = {isa = PBXBuildFile; fileRef = 1E76F5E92CECA28300A7EB6E /* FootballAPI.swift */; };
		1E76F5EC2CECACC200A7EB6E /* errorEnum.swift in Sources */ = {isa = PBXBuildFile; fileRef = 1E76F5EB2CECACC200A7EB6E /* errorEnum.swift */; };
		1E76F5F22CECB71900A7EB6E /* CompetitionsViewModel.swift in Sources */ = {isa = PBXBuildFile; fileRef = 1E76F5F12CECB71900A7EB6E /* CompetitionsViewModel.swift */; };
		1E76F5F52CECE74100A7EB6E /* competitionsCell.swift in Sources */ = {isa = PBXBuildFile; fileRef = 1E76F5F32CECE74100A7EB6E /* competitionsCell.swift */; };
		1E76F5F62CECE74100A7EB6E /* competitionsCell.xib in Resources */ = {isa = PBXBuildFile; fileRef = 1E76F5F42CECE74100A7EB6E /* competitionsCell.xib */; };
		2CC34013556660A652951336 /* Pods_SoccerLover.framework in Frameworks */ = {isa = PBXBuildFile; fileRef = 4B4E9462BDE3F8428D10F53B /* Pods_SoccerLover.framework */; };
/* End PBXBuildFile section */

/* Begin PBXFileReference section */
		0846B404816D3A618005D801 /* Pods-SoccerLover.release.xcconfig */ = {isa = PBXFileReference; includeInIndex = 1; lastKnownFileType = text.xcconfig; name = "Pods-SoccerLover.release.xcconfig"; path = "Target Support Files/Pods-SoccerLover/Pods-SoccerLover.release.xcconfig"; sourceTree = "<group>"; };
		1E76F5C32CEC185500A7EB6E /* SoccerLover.app */ = {isa = PBXFileReference; explicitFileType = wrapper.application; includeInIndex = 0; path = SoccerLover.app; sourceTree = BUILT_PRODUCTS_DIR; };
		1E76F5C62CEC185500A7EB6E /* AppDelegate.swift */ = {isa = PBXFileReference; lastKnownFileType = sourcecode.swift; path = AppDelegate.swift; sourceTree = "<group>"; };
		1E76F5C82CEC185500A7EB6E /* SceneDelegate.swift */ = {isa = PBXFileReference; lastKnownFileType = sourcecode.swift; path = SceneDelegate.swift; sourceTree = "<group>"; };
		1E76F5CA2CEC185500A7EB6E /* CompetitionsVC.swift */ = {isa = PBXFileReference; lastKnownFileType = sourcecode.swift; path = CompetitionsVC.swift; sourceTree = "<group>"; };
		1E76F5CD2CEC185500A7EB6E /* Base */ = {isa = PBXFileReference; lastKnownFileType = file.storyboard; name = Base; path = Base.lproj/Main.storyboard; sourceTree = "<group>"; };
		1E76F5D02CEC185500A7EB6E /* SoccerLover.xcdatamodel */ = {isa = PBXFileReference; lastKnownFileType = wrapper.xcdatamodel; path = SoccerLover.xcdatamodel; sourceTree = "<group>"; };
		1E76F5D22CEC185B00A7EB6E /* Assets.xcassets */ = {isa = PBXFileReference; lastKnownFileType = folder.assetcatalog; path = Assets.xcassets; sourceTree = "<group>"; };
		1E76F5D52CEC185B00A7EB6E /* Base */ = {isa = PBXFileReference; lastKnownFileType = file.storyboard; name = Base; path = Base.lproj/LaunchScreen.storyboard; sourceTree = "<group>"; };
		1E76F5D72CEC185B00A7EB6E /* Info.plist */ = {isa = PBXFileReference; lastKnownFileType = text.plist.xml; path = Info.plist; sourceTree = "<group>"; };
		1E76F5DE2CEC189200A7EB6E /* CompetitionsModel.swift */ = {isa = PBXFileReference; lastKnownFileType = sourcecode.swift; path = CompetitionsModel.swift; sourceTree = "<group>"; };
		1E76F5E02CEC1ABF00A7EB6E /* CompetitionsDetails.swift */ = {isa = PBXFileReference; lastKnownFileType = sourcecode.swift; path = CompetitionsDetails.swift; sourceTree = "<group>"; };
		1E76F5E22CEC1D0600A7EB6E /* MatchDetailsResponse.swift */ = {isa = PBXFileReference; lastKnownFileType = sourcecode.swift; path = MatchDetailsResponse.swift; sourceTree = "<group>"; };
		1E76F5E62CEC9BC600A7EB6E /* RemoteService.swift */ = {isa = PBXFileReference; lastKnownFileType = sourcecode.swift; path = RemoteService.swift; sourceTree = "<group>"; };
		1E76F5E92CECA28300A7EB6E /* FootballAPI.swift */ = {isa = PBXFileReference; lastKnownFileType = sourcecode.swift; path = FootballAPI.swift; sourceTree = "<group>"; };
		1E76F5EB2CECACC200A7EB6E /* errorEnum.swift */ = {isa = PBXFileReference; lastKnownFileType = sourcecode.swift; path = errorEnum.swift; sourceTree = "<group>"; };
		1E76F5F12CECB71900A7EB6E /* CompetitionsViewModel.swift */ = {isa = PBXFileReference; lastKnownFileType = sourcecode.swift; path = CompetitionsViewModel.swift; sourceTree = "<group>"; };
		1E76F5F32CECE74100A7EB6E /* competitionsCell.swift */ = {isa = PBXFileReference; lastKnownFileType = sourcecode.swift; path = competitionsCell.swift; sourceTree = "<group>"; };
		1E76F5F42CECE74100A7EB6E /* competitionsCell.xib */ = {isa = PBXFileReference; lastKnownFileType = file.xib; path = competitionsCell.xib; sourceTree = "<group>"; };
		2582675D7B5FD31774360C44 /* Pods-SoccerLover.debug.xcconfig */ = {isa = PBXFileReference; includeInIndex = 1; lastKnownFileType = text.xcconfig; name = "Pods-SoccerLover.debug.xcconfig"; path = "Target Support Files/Pods-SoccerLover/Pods-SoccerLover.debug.xcconfig"; sourceTree = "<group>"; };
		4B4E9462BDE3F8428D10F53B /* Pods_SoccerLover.framework */ = {isa = PBXFileReference; explicitFileType = wrapper.framework; includeInIndex = 0; path = Pods_SoccerLover.framework; sourceTree = BUILT_PRODUCTS_DIR; };
/* End PBXFileReference section */

/* Begin PBXFrameworksBuildPhase section */
		1E76F5C02CEC185500A7EB6E /* Frameworks */ = {
			isa = PBXFrameworksBuildPhase;
			buildActionMask = 2147483647;
			files = (
				2CC34013556660A652951336 /* Pods_SoccerLover.framework in Frameworks */,
			);
			runOnlyForDeploymentPostprocessing = 0;
		};
/* End PBXFrameworksBuildPhase section */

/* Begin PBXGroup section */
		1E76F5BA2CEC185500A7EB6E = {
			isa = PBXGroup;
			children = (
				1E76F5C52CEC185500A7EB6E /* SoccerLover */,
				1E76F5C42CEC185500A7EB6E /* Products */,
				BBB8E2E58EBA88C797565BD0 /* Pods */,
				7CA80576C554E4286A42CAFC /* Frameworks */,
			);
			sourceTree = "<group>";
		};
		1E76F5C42CEC185500A7EB6E /* Products */ = {
			isa = PBXGroup;
			children = (
				1E76F5C32CEC185500A7EB6E /* SoccerLover.app */,
			);
			name = Products;
			sourceTree = "<group>";
		};
		1E76F5C52CEC185500A7EB6E /* SoccerLover */ = {
			isa = PBXGroup;
			children = (
				1E76F5ED2CECB69400A7EB6E /* Modules */,
				1E76F5E82CECA25E00A7EB6E /* Enums */,
				1E76F5E42CEC9B9500A7EB6E /* Services */,
				1E76F5DD2CEC186A00A7EB6E /* Models */,
				1E76F5C62CEC185500A7EB6E /* AppDelegate.swift */,
				1E76F5C82CEC185500A7EB6E /* SceneDelegate.swift */,
				1E76F5CC2CEC185500A7EB6E /* Main.storyboard */,
				1E76F5D22CEC185B00A7EB6E /* Assets.xcassets */,
				1E76F5D42CEC185B00A7EB6E /* LaunchScreen.storyboard */,
				1E76F5D72CEC185B00A7EB6E /* Info.plist */,
				1E76F5CF2CEC185500A7EB6E /* SoccerLover.xcdatamodeld */,
			);
			path = SoccerLover;
			sourceTree = "<group>";
		};
		1E76F5DD2CEC186A00A7EB6E /* Models */ = {
			isa = PBXGroup;
			children = (
				1E76F5DE2CEC189200A7EB6E /* CompetitionsModel.swift */,
				1E76F5E02CEC1ABF00A7EB6E /* CompetitionsDetails.swift */,
				1E76F5E22CEC1D0600A7EB6E /* MatchDetailsResponse.swift */,
			);
			path = Models;
			sourceTree = "<group>";
		};
		1E76F5E42CEC9B9500A7EB6E /* Services */ = {
			isa = PBXGroup;
			children = (
				1E76F5E52CEC9BA900A7EB6E /* Remote */,
			);
			path = Services;
			sourceTree = "<group>";
		};
		1E76F5E52CEC9BA900A7EB6E /* Remote */ = {
			isa = PBXGroup;
			children = (
				1E76F5E62CEC9BC600A7EB6E /* RemoteService.swift */,
			);
			path = Remote;
			sourceTree = "<group>";
		};
		1E76F5E82CECA25E00A7EB6E /* Enums */ = {
			isa = PBXGroup;
			children = (
				1E76F5E92CECA28300A7EB6E /* FootballAPI.swift */,
				1E76F5EB2CECACC200A7EB6E /* errorEnum.swift */,
			);
			path = Enums;
			sourceTree = "<group>";
		};
		1E76F5ED2CECB69400A7EB6E /* Modules */ = {
			isa = PBXGroup;
			children = (
				1E76F5F82CED1C2600A7EB6E /* CompetitionDetails */,
				1E76F5F72CED1BF500A7EB6E /* Competitions */,
			);
			path = Modules;
			sourceTree = "<group>";
		};
		1E76F5EF2CECB6D800A7EB6E /* Views */ = {
			isa = PBXGroup;
			children = (
				1E76F5CA2CEC185500A7EB6E /* CompetitionsVC.swift */,
				1E76F5F32CECE74100A7EB6E /* competitionsCell.swift */,
				1E76F5F42CECE74100A7EB6E /* competitionsCell.xib */,
			);
			path = Views;
			sourceTree = "<group>";
		};
		1E76F5F02CECB6E300A7EB6E /* ViewModels */ = {
			isa = PBXGroup;
			children = (
				1E76F5F12CECB71900A7EB6E /* CompetitionsViewModel.swift */,
			);
			path = ViewModels;
			sourceTree = "<group>";
		};
		1E76F5F72CED1BF500A7EB6E /* Competitions */ = {
			isa = PBXGroup;
			children = (
				1E76F5EF2CECB6D800A7EB6E /* Views */,
				1E76F5F02CECB6E300A7EB6E /* ViewModels */,
			);
			path = Competitions;
			sourceTree = "<group>";
		};
		1E76F5F82CED1C2600A7EB6E /* CompetitionDetails */ = {
			isa = PBXGroup;
			children = (
			);
			path = CompetitionDetails;
			sourceTree = "<group>";
		};
		7CA80576C554E4286A42CAFC /* Frameworks */ = {
			isa = PBXGroup;
			children = (
				4B4E9462BDE3F8428D10F53B /* Pods_SoccerLover.framework */,
			);
			name = Frameworks;
			sourceTree = "<group>";
		};
		BBB8E2E58EBA88C797565BD0 /* Pods */ = {
			isa = PBXGroup;
			children = (
				2582675D7B5FD31774360C44 /* Pods-SoccerLover.debug.xcconfig */,
				0846B404816D3A618005D801 /* Pods-SoccerLover.release.xcconfig */,
			);
			path = Pods;
			sourceTree = "<group>";
		};
/* End PBXGroup section */

/* Begin PBXNativeTarget section */
		1E76F5C22CEC185500A7EB6E /* SoccerLover */ = {
			isa = PBXNativeTarget;
			buildConfigurationList = 1E76F5DA2CEC185B00A7EB6E /* Build configuration list for PBXNativeTarget "SoccerLover" */;
			buildPhases = (
				B0FB85AF9DCE72284CFA3A3E /* [CP] Check Pods Manifest.lock */,
				1E76F5BF2CEC185500A7EB6E /* Sources */,
				1E76F5C02CEC185500A7EB6E /* Frameworks */,
				1E76F5C12CEC185500A7EB6E /* Resources */,
				21F63E49BBFE19C76CA4F294 /* [CP] Embed Pods Frameworks */,
			);
			buildRules = (
			);
			dependencies = (
			);
			name = SoccerLover;
			productName = SoccerLover;
			productReference = 1E76F5C32CEC185500A7EB6E /* SoccerLover.app */;
			productType = "com.apple.product-type.application";
		};
/* End PBXNativeTarget section */

/* Begin PBXProject section */
		1E76F5BB2CEC185500A7EB6E /* Project object */ = {
			isa = PBXProject;
			attributes = {
				BuildIndependentTargetsInParallel = 1;
				LastSwiftUpdateCheck = 1520;
				LastUpgradeCheck = 1520;
				TargetAttributes = {
					1E76F5C22CEC185500A7EB6E = {
						CreatedOnToolsVersion = 15.2;
					};
				};
			};
			buildConfigurationList = 1E76F5BE2CEC185500A7EB6E /* Build configuration list for PBXProject "SoccerLover" */;
			compatibilityVersion = "Xcode 14.0";
			developmentRegion = en;
			hasScannedForEncodings = 0;
			knownRegions = (
				en,
				Base,
			);
			mainGroup = 1E76F5BA2CEC185500A7EB6E;
			productRefGroup = 1E76F5C42CEC185500A7EB6E /* Products */;
			projectDirPath = "";
			projectRoot = "";
			targets = (
				1E76F5C22CEC185500A7EB6E /* SoccerLover */,
			);
		};
/* End PBXProject section */

/* Begin PBXResourcesBuildPhase section */
		1E76F5C12CEC185500A7EB6E /* Resources */ = {
			isa = PBXResourcesBuildPhase;
			buildActionMask = 2147483647;
			files = (
				1E76F5D62CEC185B00A7EB6E /* LaunchScreen.storyboard in Resources */,
				1E76F5D32CEC185B00A7EB6E /* Assets.xcassets in Resources */,
				1E76F5CE2CEC185500A7EB6E /* Main.storyboard in Resources */,
				1E76F5F62CECE74100A7EB6E /* competitionsCell.xib in Resources */,
			);
			runOnlyForDeploymentPostprocessing = 0;
		};
/* End PBXResourcesBuildPhase section */

/* Begin PBXShellScriptBuildPhase section */
		21F63E49BBFE19C76CA4F294 /* [CP] Embed Pods Frameworks */ = {
			isa = PBXShellScriptBuildPhase;
			buildActionMask = 2147483647;
			files = (
			);
			inputFileListPaths = (
				"${PODS_ROOT}/Target Support Files/Pods-SoccerLover/Pods-SoccerLover-frameworks-${CONFIGURATION}-input-files.xcfilelist",
			);
			name = "[CP] Embed Pods Frameworks";
			outputFileListPaths = (
				"${PODS_ROOT}/Target Support Files/Pods-SoccerLover/Pods-SoccerLover-frameworks-${CONFIGURATION}-output-files.xcfilelist",
			);
			runOnlyForDeploymentPostprocessing = 0;
			shellPath = /bin/sh;
			shellScript = "\"${PODS_ROOT}/Target Support Files/Pods-SoccerLover/Pods-SoccerLover-frameworks.sh\"\n";
			showEnvVarsInLog = 0;
		};
		B0FB85AF9DCE72284CFA3A3E /* [CP] Check Pods Manifest.lock */ = {
			isa = PBXShellScriptBuildPhase;
			buildActionMask = 2147483647;
			files = (
			);
			inputFileListPaths = (
			);
			inputPaths = (
				"${PODS_PODFILE_DIR_PATH}/Podfile.lock",
				"${PODS_ROOT}/Manifest.lock",
			);
			name = "[CP] Check Pods Manifest.lock";
			outputFileListPaths = (
			);
			outputPaths = (
				"$(DERIVED_FILE_DIR)/Pods-SoccerLover-checkManifestLockResult.txt",
			);
			runOnlyForDeploymentPostprocessing = 0;
			shellPath = /bin/sh;
			shellScript = "diff \"${PODS_PODFILE_DIR_PATH}/Podfile.lock\" \"${PODS_ROOT}/Manifest.lock\" > /dev/null\nif [ $? != 0 ] ; then\n    # print error to STDERR\n    echo \"error: The sandbox is not in sync with the Podfile.lock. Run 'pod install' or update your CocoaPods installation.\" >&2\n    exit 1\nfi\n# This output is used by Xcode 'outputs' to avoid re-running this script phase.\necho \"SUCCESS\" > \"${SCRIPT_OUTPUT_FILE_0}\"\n";
			showEnvVarsInLog = 0;
		};
/* End PBXShellScriptBuildPhase section */

/* Begin PBXSourcesBuildPhase section */
		1E76F5BF2CEC185500A7EB6E /* Sources */ = {
			isa = PBXSourcesBuildPhase;
			buildActionMask = 2147483647;
			files = (
				1E76F5DF2CEC189200A7EB6E /* CompetitionsModel.swift in Sources */,
				1E76F5EA2CECA28300A7EB6E /* FootballAPI.swift in Sources */,
				1E76F5CB2CEC185500A7EB6E /* CompetitionsVC.swift in Sources */,
				1E76F5F52CECE74100A7EB6E /* competitionsCell.swift in Sources */,
				1E76F5EC2CECACC200A7EB6E /* errorEnum.swift in Sources */,
				1E76F5E12CEC1ABF00A7EB6E /* CompetitionsDetails.swift in Sources */,
				1E76F5E72CEC9BC600A7EB6E /* RemoteService.swift in Sources */,
				1E76F5C72CEC185500A7EB6E /* AppDelegate.swift in Sources */,
				1E76F5C92CEC185500A7EB6E /* SceneDelegate.swift in Sources */,
				1E76F5E32CEC1D0600A7EB6E /* MatchDetailsResponse.swift in Sources */,
				1E76F5D12CEC185500A7EB6E /* SoccerLover.xcdatamodeld in Sources */,
				1E76F5F22CECB71900A7EB6E /* CompetitionsViewModel.swift in Sources */,
			);
			runOnlyForDeploymentPostprocessing = 0;
		};
/* End PBXSourcesBuildPhase section */

/* Begin PBXVariantGroup section */
		1E76F5CC2CEC185500A7EB6E /* Main.storyboard */ = {
			isa = PBXVariantGroup;
			children = (
				1E76F5CD2CEC185500A7EB6E /* Base */,
			);
			name = Main.storyboard;
			sourceTree = "<group>";
		};
		1E76F5D42CEC185B00A7EB6E /* LaunchScreen.storyboard */ = {
			isa = PBXVariantGroup;
			children = (
				1E76F5D52CEC185B00A7EB6E /* Base */,
			);
			name = LaunchScreen.storyboard;
			sourceTree = "<group>";
		};
/* End PBXVariantGroup section */

/* Begin XCBuildConfiguration section */
		1E76F5D82CEC185B00A7EB6E /* Debug */ = {
			isa = XCBuildConfiguration;
			buildSettings = {
				ALWAYS_SEARCH_USER_PATHS = NO;
				ASSETCATALOG_COMPILER_GENERATE_SWIFT_ASSET_SYMBOL_EXTENSIONS = YES;
				CLANG_ANALYZER_NONNULL = YES;
				CLANG_ANALYZER_NUMBER_OBJECT_CONVERSION = YES_AGGRESSIVE;
				CLANG_CXX_LANGUAGE_STANDARD = "gnu++20";
				CLANG_ENABLE_MODULES = YES;
				CLANG_ENABLE_OBJC_ARC = YES;
				CLANG_ENABLE_OBJC_WEAK = YES;
				CLANG_WARN_BLOCK_CAPTURE_AUTORELEASING = YES;
				CLANG_WARN_BOOL_CONVERSION = YES;
				CLANG_WARN_COMMA = YES;
				CLANG_WARN_CONSTANT_CONVERSION = YES;
				CLANG_WARN_DEPRECATED_OBJC_IMPLEMENTATIONS = YES;
				CLANG_WARN_DIRECT_OBJC_ISA_USAGE = YES_ERROR;
				CLANG_WARN_DOCUMENTATION_COMMENTS = YES;
				CLANG_WARN_EMPTY_BODY = YES;
				CLANG_WARN_ENUM_CONVERSION = YES;
				CLANG_WARN_INFINITE_RECURSION = YES;
				CLANG_WARN_INT_CONVERSION = YES;
				CLANG_WARN_NON_LITERAL_NULL_CONVERSION = YES;
				CLANG_WARN_OBJC_IMPLICIT_RETAIN_SELF = YES;
				CLANG_WARN_OBJC_LITERAL_CONVERSION = YES;
				CLANG_WARN_OBJC_ROOT_CLASS = YES_ERROR;
				CLANG_WARN_QUOTED_INCLUDE_IN_FRAMEWORK_HEADER = YES;
				CLANG_WARN_RANGE_LOOP_ANALYSIS = YES;
				CLANG_WARN_STRICT_PROTOTYPES = YES;
				CLANG_WARN_SUSPICIOUS_MOVE = YES;
				CLANG_WARN_UNGUARDED_AVAILABILITY = YES_AGGRESSIVE;
				CLANG_WARN_UNREACHABLE_CODE = YES;
				CLANG_WARN__DUPLICATE_METHOD_MATCH = YES;
				COPY_PHASE_STRIP = NO;
				DEBUG_INFORMATION_FORMAT = dwarf;
				ENABLE_STRICT_OBJC_MSGSEND = YES;
				ENABLE_TESTABILITY = YES;
				ENABLE_USER_SCRIPT_SANDBOXING = YES;
				GCC_C_LANGUAGE_STANDARD = gnu17;
				GCC_DYNAMIC_NO_PIC = NO;
				GCC_NO_COMMON_BLOCKS = YES;
				GCC_OPTIMIZATION_LEVEL = 0;
				GCC_PREPROCESSOR_DEFINITIONS = (
					"DEBUG=1",
					"$(inherited)",
				);
				GCC_WARN_64_TO_32_BIT_CONVERSION = YES;
				GCC_WARN_ABOUT_RETURN_TYPE = YES_ERROR;
				GCC_WARN_UNDECLARED_SELECTOR = YES;
				GCC_WARN_UNINITIALIZED_AUTOS = YES_AGGRESSIVE;
				GCC_WARN_UNUSED_FUNCTION = YES;
				GCC_WARN_UNUSED_VARIABLE = YES;
				IPHONEOS_DEPLOYMENT_TARGET = 17.2;
				LOCALIZATION_PREFERS_STRING_CATALOGS = YES;
				MTL_ENABLE_DEBUG_INFO = INCLUDE_SOURCE;
				MTL_FAST_MATH = YES;
				ONLY_ACTIVE_ARCH = YES;
				SDKROOT = iphoneos;
				SWIFT_ACTIVE_COMPILATION_CONDITIONS = "DEBUG $(inherited)";
				SWIFT_OPTIMIZATION_LEVEL = "-Onone";
			};
			name = Debug;
		};
		1E76F5D92CEC185B00A7EB6E /* Release */ = {
			isa = XCBuildConfiguration;
			buildSettings = {
				ALWAYS_SEARCH_USER_PATHS = NO;
				ASSETCATALOG_COMPILER_GENERATE_SWIFT_ASSET_SYMBOL_EXTENSIONS = YES;
				CLANG_ANALYZER_NONNULL = YES;
				CLANG_ANALYZER_NUMBER_OBJECT_CONVERSION = YES_AGGRESSIVE;
				CLANG_CXX_LANGUAGE_STANDARD = "gnu++20";
				CLANG_ENABLE_MODULES = YES;
				CLANG_ENABLE_OBJC_ARC = YES;
				CLANG_ENABLE_OBJC_WEAK = YES;
				CLANG_WARN_BLOCK_CAPTURE_AUTORELEASING = YES;
				CLANG_WARN_BOOL_CONVERSION = YES;
				CLANG_WARN_COMMA = YES;
				CLANG_WARN_CONSTANT_CONVERSION = YES;
				CLANG_WARN_DEPRECATED_OBJC_IMPLEMENTATIONS = YES;
				CLANG_WARN_DIRECT_OBJC_ISA_USAGE = YES_ERROR;
				CLANG_WARN_DOCUMENTATION_COMMENTS = YES;
				CLANG_WARN_EMPTY_BODY = YES;
				CLANG_WARN_ENUM_CONVERSION = YES;
				CLANG_WARN_INFINITE_RECURSION = YES;
				CLANG_WARN_INT_CONVERSION = YES;
				CLANG_WARN_NON_LITERAL_NULL_CONVERSION = YES;
				CLANG_WARN_OBJC_IMPLICIT_RETAIN_SELF = YES;
				CLANG_WARN_OBJC_LITERAL_CONVERSION = YES;
				CLANG_WARN_OBJC_ROOT_CLASS = YES_ERROR;
				CLANG_WARN_QUOTED_INCLUDE_IN_FRAMEWORK_HEADER = YES;
				CLANG_WARN_RANGE_LOOP_ANALYSIS = YES;
				CLANG_WARN_STRICT_PROTOTYPES = YES;
				CLANG_WARN_SUSPICIOUS_MOVE = YES;
				CLANG_WARN_UNGUARDED_AVAILABILITY = YES_AGGRESSIVE;
				CLANG_WARN_UNREACHABLE_CODE = YES;
				CLANG_WARN__DUPLICATE_METHOD_MATCH = YES;
				COPY_PHASE_STRIP = NO;
				DEBUG_INFORMATION_FORMAT = "dwarf-with-dsym";
				ENABLE_NS_ASSERTIONS = NO;
				ENABLE_STRICT_OBJC_MSGSEND = YES;
				ENABLE_USER_SCRIPT_SANDBOXING = YES;
				GCC_C_LANGUAGE_STANDARD = gnu17;
				GCC_NO_COMMON_BLOCKS = YES;
				GCC_WARN_64_TO_32_BIT_CONVERSION = YES;
				GCC_WARN_ABOUT_RETURN_TYPE = YES_ERROR;
				GCC_WARN_UNDECLARED_SELECTOR = YES;
				GCC_WARN_UNINITIALIZED_AUTOS = YES_AGGRESSIVE;
				GCC_WARN_UNUSED_FUNCTION = YES;
				GCC_WARN_UNUSED_VARIABLE = YES;
				IPHONEOS_DEPLOYMENT_TARGET = 17.2;
				LOCALIZATION_PREFERS_STRING_CATALOGS = YES;
				MTL_ENABLE_DEBUG_INFO = NO;
				MTL_FAST_MATH = YES;
				SDKROOT = iphoneos;
				SWIFT_COMPILATION_MODE = wholemodule;
				VALIDATE_PRODUCT = YES;
			};
			name = Release;
		};
		1E76F5DB2CEC185B00A7EB6E /* Debug */ = {
			isa = XCBuildConfiguration;
			baseConfigurationReference = 2582675D7B5FD31774360C44 /* Pods-SoccerLover.debug.xcconfig */;
			buildSettings = {
				ASSETCATALOG_COMPILER_APPICON_NAME = AppIcon;
				ASSETCATALOG_COMPILER_GLOBAL_ACCENT_COLOR_NAME = AccentColor;
				CODE_SIGN_STYLE = Automatic;
				CURRENT_PROJECT_VERSION = 1;
				DEVELOPMENT_TEAM = A83FN5933K;
				ENABLE_USER_SCRIPT_SANDBOXING = NO;
				GENERATE_INFOPLIST_FILE = YES;
				INFOPLIST_FILE = SoccerLover/Info.plist;
				INFOPLIST_KEY_UIApplicationSupportsIndirectInputEvents = YES;
				INFOPLIST_KEY_UILaunchStoryboardName = LaunchScreen;
				INFOPLIST_KEY_UIMainStoryboardFile = Main;
				INFOPLIST_KEY_UISupportedInterfaceOrientations_iPad = "UIInterfaceOrientationPortrait UIInterfaceOrientationPortraitUpsideDown UIInterfaceOrientationLandscapeLeft UIInterfaceOrientationLandscapeRight";
				INFOPLIST_KEY_UISupportedInterfaceOrientations_iPhone = "UIInterfaceOrientationPortrait UIInterfaceOrientationLandscapeLeft UIInterfaceOrientationLandscapeRight";
				LD_RUNPATH_SEARCH_PATHS = (
					"$(inherited)",
					"@executable_path/Frameworks",
				);
				MARKETING_VERSION = 1.0;
				PRODUCT_BUNDLE_IDENTIFIER = MOMENTUM.SoccerLover;
				PRODUCT_NAME = "$(TARGET_NAME)";
				SWIFT_EMIT_LOC_STRINGS = YES;
				SWIFT_VERSION = 5.0;
				TARGETED_DEVICE_FAMILY = "1,2";
			};
			name = Debug;
		};
		1E76F5DC2CEC185B00A7EB6E /* Release */ = {
			isa = XCBuildConfiguration;
			baseConfigurationReference = 0846B404816D3A618005D801 /* Pods-SoccerLover.release.xcconfig */;
			buildSettings = {
				ASSETCATALOG_COMPILER_APPICON_NAME = AppIcon;
				ASSETCATALOG_COMPILER_GLOBAL_ACCENT_COLOR_NAME = AccentColor;
				CODE_SIGN_STYLE = Automatic;
				CURRENT_PROJECT_VERSION = 1;
				DEVELOPMENT_TEAM = A83FN5933K;
				ENABLE_USER_SCRIPT_SANDBOXING = NO;
				GENERATE_INFOPLIST_FILE = YES;
				INFOPLIST_FILE = SoccerLover/Info.plist;
				INFOPLIST_KEY_UIApplicationSupportsIndirectInputEvents = YES;
				INFOPLIST_KEY_UILaunchStoryboardName = LaunchScreen;
				INFOPLIST_KEY_UIMainStoryboardFile = Main;
				INFOPLIST_KEY_UISupportedInterfaceOrientations_iPad = "UIInterfaceOrientationPortrait UIInterfaceOrientationPortraitUpsideDown UIInterfaceOrientationLandscapeLeft UIInterfaceOrientationLandscapeRight";
				INFOPLIST_KEY_UISupportedInterfaceOrientations_iPhone = "UIInterfaceOrientationPortrait UIInterfaceOrientationLandscapeLeft UIInterfaceOrientationLandscapeRight";
				LD_RUNPATH_SEARCH_PATHS = (
					"$(inherited)",
					"@executable_path/Frameworks",
				);
				MARKETING_VERSION = 1.0;
				PRODUCT_BUNDLE_IDENTIFIER = MOMENTUM.SoccerLover;
				PRODUCT_NAME = "$(TARGET_NAME)";
				SWIFT_EMIT_LOC_STRINGS = YES;
				SWIFT_VERSION = 5.0;
				TARGETED_DEVICE_FAMILY = "1,2";
			};
			name = Release;
		};
/* End XCBuildConfiguration section */

/* Begin XCConfigurationList section */
		1E76F5BE2CEC185500A7EB6E /* Build configuration list for PBXProject "SoccerLover" */ = {
			isa = XCConfigurationList;
			buildConfigurations = (
				1E76F5D82CEC185B00A7EB6E /* Debug */,
				1E76F5D92CEC185B00A7EB6E /* Release */,
			);
			defaultConfigurationIsVisible = 0;
			defaultConfigurationName = Release;
		};
		1E76F5DA2CEC185B00A7EB6E /* Build configuration list for PBXNativeTarget "SoccerLover" */ = {
			isa = XCConfigurationList;
			buildConfigurations = (
				1E76F5DB2CEC185B00A7EB6E /* Debug */,
				1E76F5DC2CEC185B00A7EB6E /* Release */,
			);
			defaultConfigurationIsVisible = 0;
			defaultConfigurationName = Release;
		};
/* End XCConfigurationList section */

/* Begin XCVersionGroup section */
		1E76F5CF2CEC185500A7EB6E /* SoccerLover.xcdatamodeld */ = {
			isa = XCVersionGroup;
			children = (
				1E76F5D02CEC185500A7EB6E /* SoccerLover.xcdatamodel */,
			);
			currentVersion = 1E76F5D02CEC185500A7EB6E /* SoccerLover.xcdatamodel */;
			path = SoccerLover.xcdatamodeld;
			sourceTree = "<group>";
			versionGroupType = wrapper.xcdatamodel;
		};
/* End XCVersionGroup section */
	};
	rootObject = 1E76F5BB2CEC185500A7EB6E /* Project object */;
}
